
Microsoft Visual Studio Solution File, Format Version 12.00
# Visual Studio 15
VisualStudioVersion = 15.0.27130.0
MinimumVisualStudioVersion = 10.0.40219.1
Project("{FAE04EC0-301F-11D3-BF4B-00C04F79EFBC}") = "App2.Android", "App2\App2.Android\App2.Android.csproj", "{A671709B-365E-4BE6-90AB-501C5AF1897E}"
EndProject
Project("{FAE04EC0-301F-11D3-BF4B-00C04F79EFBC}") = "App2.iOS", "App2\App2.iOS\App2.iOS.csproj", "{123B5972-2E21-4CD2-AAC4-94276D6DF4CE}"
EndProject
Project("{FAE04EC0-301F-11D3-BF4B-00C04F79EFBC}") = "App2.UWP", "App2\App2.UWP\App2.UWP.csproj", "{EA5BB059-DECA-49E6-B4FB-DD38A4F2350B}"
EndProject
Project("{FAE04EC0-301F-11D3-BF4B-00C04F79EFBC}") = "App2", "App2\App2\App2.csproj", "{1BD4B26A-60FA-44F9-95EF-92764D6235BD}"
EndProject
Global
	GlobalSection(SolutionConfigurationPlatforms) = preSolution
		Ad-Hoc|Any CPU = Ad-Hoc|Any CPU
		Ad-Hoc|ARM = Ad-Hoc|ARM
		Ad-Hoc|iPhone = Ad-Hoc|iPhone
		Ad-Hoc|iPhoneSimulator = Ad-Hoc|iPhoneSimulator
		Ad-Hoc|x64 = Ad-Hoc|x64
		Ad-Hoc|x86 = Ad-Hoc|x86
		AppStore|Any CPU = AppStore|Any CPU
		AppStore|ARM = AppStore|ARM
		AppStore|iPhone = AppStore|iPhone
		AppStore|iPhoneSimulator = AppStore|iPhoneSimulator
		AppStore|x64 = AppStore|x64
		AppStore|x86 = AppStore|x86
		Debug|Any CPU = Debug|Any CPU
		Debug|ARM = Debug|ARM
		Debug|iPhone = Debug|iPhone
		Debug|iPhoneSimulator = Debug|iPhoneSimulator
		Debug|x64 = Debug|x64
		Debug|x86 = Debug|x86
		Release|Any CPU = Release|Any CPU
		Release|ARM = Release|ARM
		Release|iPhone = Release|iPhone
		Release|iPhoneSimulator = Release|iPhoneSimulator
		Release|x64 = Release|x64
		Release|x86 = Release|x86
	EndGlobalSection
	GlobalSection(ProjectConfigurationPlatforms) = postSolution
		{A671709B-365E-4BE6-90AB-501C5AF1897E}.Ad-Hoc|Any CPU.ActiveCfg = Release|Any CPU
		{A671709B-365E-4BE6-90AB-501C5AF1897E}.Ad-Hoc|Any CPU.Build.0 = Release|Any CPU
		{A671709B-365E-4BE6-90AB-501C5AF1897E}.Ad-Hoc|Any CPU.Deploy.0 = Release|Any CPU
		{A671709B-365E-4BE6-90AB-501C5AF1897E}.Ad-Hoc|ARM.ActiveCfg = Release|Any CPU
		{A671709B-365E-4BE6-90AB-501C5AF1897E}.Ad-Hoc|ARM.Build.0 = Release|Any CPU
		{A671709B-365E-4BE6-90AB-501C5AF1897E}.Ad-Hoc|ARM.Deploy.0 = Release|Any CPU
		{A671709B-365E-4BE6-90AB-501C5AF1897E}.Ad-Hoc|iPhone.ActiveCfg = Release|Any CPU
		{A671709B-365E-4BE6-90AB-501C5AF1897E}.Ad-Hoc|iPhone.Build.0 = Release|Any CPU
		{A671709B-365E-4BE6-90AB-501C5AF1897E}.Ad-Hoc|iPhone.Deploy.0 = Release|Any CPU
		{A671709B-365E-4BE6-90AB-501C5AF1897E}.Ad-Hoc|iPhoneSimulator.ActiveCfg = Release|Any CPU
		{A671709B-365E-4BE6-90AB-501C5AF1897E}.Ad-Hoc|iPhoneSimulator.Build.0 = Release|Any CPU
		{A671709B-365E-4BE6-90AB-501C5AF1897E}.Ad-Hoc|iPhoneSimulator.Deploy.0 = Release|Any CPU
		{A671709B-365E-4BE6-90AB-501C5AF1897E}.Ad-Hoc|x64.ActiveCfg = Release|Any CPU
		{A671709B-365E-4BE6-90AB-501C5AF1897E}.Ad-Hoc|x64.Build.0 = Release|Any CPU
		{A671709B-365E-4BE6-90AB-501C5AF1897E}.Ad-Hoc|x64.Deploy.0 = Release|Any CPU
		{A671709B-365E-4BE6-90AB-501C5AF1897E}.Ad-Hoc|x86.ActiveCfg = Release|Any CPU
		{A671709B-365E-4BE6-90AB-501C5AF1897E}.Ad-Hoc|x86.Build.0 = Release|Any CPU
		{A671709B-365E-4BE6-90AB-501C5AF1897E}.Ad-Hoc|x86.Deploy.0 = Release|Any CPU
		{A671709B-365E-4BE6-90AB-501C5AF1897E}.AppStore|Any CPU.ActiveCfg = Release|Any CPU
		{A671709B-365E-4BE6-90AB-501C5AF1897E}.AppStore|Any CPU.Build.0 = Release|Any CPU
		{A671709B-365E-4BE6-90AB-501C5AF1897E}.AppStore|Any CPU.Deploy.0 = Release|Any CPU
		{A671709B-365E-4BE6-90AB-501C5AF1897E}.AppStore|ARM.ActiveCfg = Release|Any CPU
		{A671709B-365E-4BE6-90AB-501C5AF1897E}.AppStore|ARM.Build.0 = Release|Any CPU
		{A671709B-365E-4BE6-90AB-501C5AF1897E}.AppStore|ARM.Deploy.0 = Release|Any CPU
		{A671709B-365E-4BE6-90AB-501C5AF1897E}.AppStore|iPhone.ActiveCfg = Release|Any CPU
		{A671709B-365E-4BE6-90AB-501C5AF1897E}.AppStore|iPhone.Build.0 = Release|Any CPU
		{A671709B-365E-4BE6-90AB-501C5AF1897E}.AppStore|iPhone.Deploy.0 = Release|Any CPU
		{A671709B-365E-4BE6-90AB-501C5AF1897E}.AppStore|iPhoneSimulator.ActiveCfg = Release|Any CPU
		{A671709B-365E-4BE6-90AB-501C5AF1897E}.AppStore|iPhoneSimulator.Build.0 = Release|Any CPU
		{A671709B-365E-4BE6-90AB-501C5AF1897E}.AppStore|iPhoneSimulator.Deploy.0 = Release|Any CPU
		{A671709B-365E-4BE6-90AB-501C5AF1897E}.AppStore|x64.ActiveCfg = Release|Any CPU
		{A671709B-365E-4BE6-90AB-501C5AF1897E}.AppStore|x64.Build.0 = Release|Any CPU
		{A671709B-365E-4BE6-90AB-501C5AF1897E}.AppStore|x64.Deploy.0 = Release|Any CPU
		{A671709B-365E-4BE6-90AB-501C5AF1897E}.AppStore|x86.ActiveCfg = Release|Any CPU
		{A671709B-365E-4BE6-90AB-501C5AF1897E}.AppStore|x86.Build.0 = Release|Any CPU
		{A671709B-365E-4BE6-90AB-501C5AF1897E}.AppStore|x86.Deploy.0 = Release|Any CPU
		{A671709B-365E-4BE6-90AB-501C5AF1897E}.Debug|Any CPU.ActiveCfg = Debug|Any CPU
		{A671709B-365E-4BE6-90AB-501C5AF1897E}.Debug|Any CPU.Build.0 = Debug|Any CPU
		{A671709B-365E-4BE6-90AB-501C5AF1897E}.Debug|Any CPU.Deploy.0 = Debug|Any CPU
		{A671709B-365E-4BE6-90AB-501C5AF1897E}.Debug|ARM.ActiveCfg = Debug|Any CPU
		{A671709B-365E-4BE6-90AB-501C5AF1897E}.Debug|ARM.Build.0 = Debug|Any CPU
		{A671709B-365E-4BE6-90AB-501C5AF1897E}.Debug|ARM.Deploy.0 = Debug|Any CPU
		{A671709B-365E-4BE6-90AB-501C5AF1897E}.Debug|iPhone.ActiveCfg = Debug|Any CPU
		{A671709B-365E-4BE6-90AB-501C5AF1897E}.Debug|iPhone.Build.0 = Debug|Any CPU
		{A671709B-365E-4BE6-90AB-501C5AF1897E}.Debug|iPhone.Deploy.0 = Debug|Any CPU
		{A671709B-365E-4BE6-90AB-501C5AF1897E}.Debug|iPhoneSimulator.ActiveCfg = Debug|Any CPU
		{A671709B-365E-4BE6-90AB-501C5AF1897E}.Debug|iPhoneSimulator.Build.0 = Debug|Any CPU
		{A671709B-365E-4BE6-90AB-501C5AF1897E}.Debug|iPhoneSimulator.Deploy.0 = Debug|Any CPU
		{A671709B-365E-4BE6-90AB-501C5AF1897E}.Debug|x64.ActiveCfg = Debug|Any CPU
		{A671709B-365E-4BE6-90AB-501C5AF1897E}.Debug|x64.Build.0 = Debug|Any CPU
		{A671709B-365E-4BE6-90AB-501C5AF1897E}.Debug|x64.Deploy.0 = Debug|Any CPU
		{A671709B-365E-4BE6-90AB-501C5AF1897E}.Debug|x86.ActiveCfg = Debug|Any CPU
		{A671709B-365E-4BE6-90AB-501C5AF1897E}.Debug|x86.Build.0 = Debug|Any CPU
		{A671709B-365E-4BE6-90AB-501C5AF1897E}.Debug|x86.Deploy.0 = Debug|Any CPU
		{A671709B-365E-4BE6-90AB-501C5AF1897E}.Release|Any CPU.ActiveCfg = Release|Any CPU
		{A671709B-365E-4BE6-90AB-501C5AF1897E}.Release|Any CPU.Build.0 = Release|Any CPU
		{A671709B-365E-4BE6-90AB-501C5AF1897E}.Release|Any CPU.Deploy.0 = Release|Any CPU
		{A671709B-365E-4BE6-90AB-501C5AF1897E}.Release|ARM.ActiveCfg = Release|Any CPU
		{A671709B-365E-4BE6-90AB-501C5AF1897E}.Release|ARM.Build.0 = Release|Any CPU
		{A671709B-365E-4BE6-90AB-501C5AF1897E}.Release|ARM.Deploy.0 = Release|Any CPU
		{A671709B-365E-4BE6-90AB-501C5AF1897E}.Release|iPhone.ActiveCfg = Release|Any CPU
		{A671709B-365E-4BE6-90AB-501C5AF1897E}.Release|iPhone.Build.0 = Release|Any CPU
		{A671709B-365E-4BE6-90AB-501C5AF1897E}.Release|iPhone.Deploy.0 = Release|Any CPU
		{A671709B-365E-4BE6-90AB-501C5AF1897E}.Release|iPhoneSimulator.ActiveCfg = Release|Any CPU
		{A671709B-365E-4BE6-90AB-501C5AF1897E}.Release|iPhoneSimulator.Build.0 = Release|Any CPU
		{A671709B-365E-4BE6-90AB-501C5AF1897E}.Release|iPhoneSimulator.Deploy.0 = Release|Any CPU
		{A671709B-365E-4BE6-90AB-501C5AF1897E}.Release|x64.ActiveCfg = Release|Any CPU
		{A671709B-365E-4BE6-90AB-501C5AF1897E}.Release|x64.Build.0 = Release|Any CPU
		{A671709B-365E-4BE6-90AB-501C5AF1897E}.Release|x64.Deploy.0 = Release|Any CPU
		{A671709B-365E-4BE6-90AB-501C5AF1897E}.Release|x86.ActiveCfg = Release|Any CPU
		{A671709B-365E-4BE6-90AB-501C5AF1897E}.Release|x86.Build.0 = Release|Any CPU
		{A671709B-365E-4BE6-90AB-501C5AF1897E}.Release|x86.Deploy.0 = Release|Any CPU
		{123B5972-2E21-4CD2-AAC4-94276D6DF4CE}.Ad-Hoc|Any CPU.ActiveCfg = Ad-Hoc|iPhone
		{123B5972-2E21-4CD2-AAC4-94276D6DF4CE}.Ad-Hoc|ARM.ActiveCfg = Ad-Hoc|iPhone
		{123B5972-2E21-4CD2-AAC4-94276D6DF4CE}.Ad-Hoc|iPhone.ActiveCfg = Ad-Hoc|iPhone
		{123B5972-2E21-4CD2-AAC4-94276D6DF4CE}.Ad-Hoc|iPhone.Build.0 = Ad-Hoc|iPhone
		{123B5972-2E21-4CD2-AAC4-94276D6DF4CE}.Ad-Hoc|iPhoneSimulator.ActiveCfg = Ad-Hoc|iPhoneSimulator
		{123B5972-2E21-4CD2-AAC4-94276D6DF4CE}.Ad-Hoc|iPhoneSimulator.Build.0 = Ad-Hoc|iPhoneSimulator
		{123B5972-2E21-4CD2-AAC4-94276D6DF4CE}.Ad-Hoc|x64.ActiveCfg = Ad-Hoc|iPhone
		{123B5972-2E21-4CD2-AAC4-94276D6DF4CE}.Ad-Hoc|x86.ActiveCfg = Ad-Hoc|iPhone
		{123B5972-2E21-4CD2-AAC4-94276D6DF4CE}.AppStore|Any CPU.ActiveCfg = AppStore|iPhone
		{123B5972-2E21-4CD2-AAC4-94276D6DF4CE}.AppStore|ARM.ActiveCfg = AppStore|iPhone
		{123B5972-2E21-4CD2-AAC4-94276D6DF4CE}.AppStore|iPhone.ActiveCfg = AppStore|iPhone
		{123B5972-2E21-4CD2-AAC4-94276D6DF4CE}.AppStore|iPhone.Build.0 = AppStore|iPhone
		{123B5972-2E21-4CD2-AAC4-94276D6DF4CE}.AppStore|iPhoneSimulator.ActiveCfg = AppStore|iPhoneSimulator
		{123B5972-2E21-4CD2-AAC4-94276D6DF4CE}.AppStore|iPhoneSimulator.Build.0 = AppStore|iPhoneSimulator
		{123B5972-2E21-4CD2-AAC4-94276D6DF4CE}.AppStore|x64.ActiveCfg = AppStore|iPhone
		{123B5972-2E21-4CD2-AAC4-94276D6DF4CE}.AppStore|x86.ActiveCfg = AppStore|iPhone
		{123B5972-2E21-4CD2-AAC4-94276D6DF4CE}.Debug|Any CPU.ActiveCfg = Debug|iPhone
		{123B5972-2E21-4CD2-AAC4-94276D6DF4CE}.Debug|ARM.ActiveCfg = Debug|iPhone
		{123B5972-2E21-4CD2-AAC4-94276D6DF4CE}.Debug|iPhone.ActiveCfg = Debug|iPhone
		{123B5972-2E21-4CD2-AAC4-94276D6DF4CE}.Debug|iPhone.Build.0 = Debug|iPhone
		{123B5972-2E21-4CD2-AAC4-94276D6DF4CE}.Debug|iPhoneSimulator.ActiveCfg = Debug|iPhoneSimulator
		{123B5972-2E21-4CD2-AAC4-94276D6DF4CE}.Debug|iPhoneSimulator.Build.0 = Debug|iPhoneSimulator
		{123B5972-2E21-4CD2-AAC4-94276D6DF4CE}.Debug|x64.ActiveCfg = Debug|iPhone
		{123B5972-2E21-4CD2-AAC4-94276D6DF4CE}.Debug|x86.ActiveCfg = Debug|iPhone
		{123B5972-2E21-4CD2-AAC4-94276D6DF4CE}.Release|Any CPU.ActiveCfg = Release|iPhone
		{123B5972-2E21-4CD2-AAC4-94276D6DF4CE}.Release|ARM.ActiveCfg = Release|iPhone
		{123B5972-2E21-4CD2-AAC4-94276D6DF4CE}.Release|iPhone.ActiveCfg = Release|iPhone
		{123B5972-2E21-4CD2-AAC4-94276D6DF4CE}.Release|iPhone.Build.0 = Release|iPhone
		{123B5972-2E21-4CD2-AAC4-94276D6DF4CE}.Release|iPhoneSimulator.ActiveCfg = Release|iPhoneSimulator
		{123B5972-2E21-4CD2-AAC4-94276D6DF4CE}.Release|iPhoneSimulator.Build.0 = Release|iPhoneSimulator
		{123B5972-2E21-4CD2-AAC4-94276D6DF4CE}.Release|x64.ActiveCfg = Release|iPhone
		{123B5972-2E21-4CD2-AAC4-94276D6DF4CE}.Release|x86.ActiveCfg = Release|iPhone
		{EA5BB059-DECA-49E6-B4FB-DD38A4F2350B}.Ad-Hoc|Any CPU.ActiveCfg = Release|x86
		{EA5BB059-DECA-49E6-B4FB-DD38A4F2350B}.Ad-Hoc|Any CPU.Build.0 = Release|x86
		{EA5BB059-DECA-49E6-B4FB-DD38A4F2350B}.Ad-Hoc|Any CPU.Deploy.0 = Release|x86
		{EA5BB059-DECA-49E6-B4FB-DD38A4F2350B}.Ad-Hoc|ARM.ActiveCfg = Release|ARM
		{EA5BB059-DECA-49E6-B4FB-DD38A4F2350B}.Ad-Hoc|ARM.Build.0 = Release|ARM
		{EA5BB059-DECA-49E6-B4FB-DD38A4F2350B}.Ad-Hoc|ARM.Deploy.0 = Release|ARM
		{EA5BB059-DECA-49E6-B4FB-DD38A4F2350B}.Ad-Hoc|iPhone.ActiveCfg = Release|x86
		{EA5BB059-DECA-49E6-B4FB-DD38A4F2350B}.Ad-Hoc|iPhone.Build.0 = Release|x86
		{EA5BB059-DECA-49E6-B4FB-DD38A4F2350B}.Ad-Hoc|iPhone.Deploy.0 = Release|x86
		{EA5BB059-DECA-49E6-B4FB-DD38A4F2350B}.Ad-Hoc|iPhoneSimulator.ActiveCfg = Release|x86
		{EA5BB059-DECA-49E6-B4FB-DD38A4F2350B}.Ad-Hoc|iPhoneSimulator.Build.0 = Release|x86
		{EA5BB059-DECA-49E6-B4FB-DD38A4F2350B}.Ad-Hoc|iPhoneSimulator.Deploy.0 = Release|x86
		{EA5BB059-DECA-49E6-B4FB-DD38A4F2350B}.Ad-Hoc|x64.ActiveCfg = Release|x64
		{EA5BB059-DECA-49E6-B4FB-DD38A4F2350B}.Ad-Hoc|x64.Build.0 = Release|x64
		{EA5BB059-DECA-49E6-B4FB-DD38A4F2350B}.Ad-Hoc|x64.Deploy.0 = Release|x64
		{EA5BB059-DECA-49E6-B4FB-DD38A4F2350B}.Ad-Hoc|x86.ActiveCfg = Release|x86
		{EA5BB059-DECA-49E6-B4FB-DD38A4F2350B}.Ad-Hoc|x86.Build.0 = Release|x86
		{EA5BB059-DECA-49E6-B4FB-DD38A4F2350B}.Ad-Hoc|x86.Deploy.0 = Release|x86
		{EA5BB059-DECA-49E6-B4FB-DD38A4F2350B}.AppStore|Any CPU.ActiveCfg = Release|x86
		{EA5BB059-DECA-49E6-B4FB-DD38A4F2350B}.AppStore|Any CPU.Build.0 = Release|x86
		{EA5BB059-DECA-49E6-B4FB-DD38A4F2350B}.AppStore|Any CPU.Deploy.0 = Release|x86
		{EA5BB059-DECA-49E6-B4FB-DD38A4F2350B}.AppStore|ARM.ActiveCfg = Release|ARM
		{EA5BB059-DECA-49E6-B4FB-DD38A4F2350B}.AppStore|ARM.Build.0 = Release|ARM
		{EA5BB059-DECA-49E6-B4FB-DD38A4F2350B}.AppStore|ARM.Deploy.0 = Release|ARM
		{EA5BB059-DECA-49E6-B4FB-DD38A4F2350B}.AppStore|iPhone.ActiveCfg = Release|x86
		{EA5BB059-DECA-49E6-B4FB-DD38A4F2350B}.AppStore|iPhone.Build.0 = Release|x86
		{EA5BB059-DECA-49E6-B4FB-DD38A4F2350B}.AppStore|iPhone.Deploy.0 = Release|x86
		{EA5BB059-DECA-49E6-B4FB-DD38A4F2350B}.AppStore|iPhoneSimulator.ActiveCfg = Release|x86
		{EA5BB059-DECA-49E6-B4FB-DD38A4F2350B}.AppStore|iPhoneSimulator.Build.0 = Release|x86
		{EA5BB059-DECA-49E6-B4FB-DD38A4F2350B}.AppStore|iPhoneSimulator.Deploy.0 = Release|x86
		{EA5BB059-DECA-49E6-B4FB-DD38A4F2350B}.AppStore|x64.ActiveCfg = Release|x64
		{EA5BB059-DECA-49E6-B4FB-DD38A4F2350B}.AppStore|x64.Build.0 = Release|x64
		{EA5BB059-DECA-49E6-B4FB-DD38A4F2350B}.AppStore|x64.Deploy.0 = Release|x64
		{EA5BB059-DECA-49E6-B4FB-DD38A4F2350B}.AppStore|x86.ActiveCfg = Release|x86
		{EA5BB059-DECA-49E6-B4FB-DD38A4F2350B}.AppStore|x86.Build.0 = Release|x86
		{EA5BB059-DECA-49E6-B4FB-DD38A4F2350B}.AppStore|x86.Deploy.0 = Release|x86
		{EA5BB059-DECA-49E6-B4FB-DD38A4F2350B}.Debug|Any CPU.ActiveCfg = Debug|x86
		{EA5BB059-DECA-49E6-B4FB-DD38A4F2350B}.Debug|ARM.ActiveCfg = Debug|ARM
		{EA5BB059-DECA-49E6-B4FB-DD38A4F2350B}.Debug|ARM.Build.0 = Debug|ARM
		{EA5BB059-DECA-49E6-B4FB-DD38A4F2350B}.Debug|ARM.Deploy.0 = Debug|ARM
		{EA5BB059-DECA-49E6-B4FB-DD38A4F2350B}.Debug|iPhone.ActiveCfg = Debug|x86
		{EA5BB059-DECA-49E6-B4FB-DD38A4F2350B}.Debug|iPhoneSimulator.ActiveCfg = Debug|x86
		{EA5BB059-DECA-49E6-B4FB-DD38A4F2350B}.Debug|x64.ActiveCfg = Debug|x64
		{EA5BB059-DECA-49E6-B4FB-DD38A4F2350B}.Debug|x64.Build.0 = Debug|x64
		{EA5BB059-DECA-49E6-B4FB-DD38A4F2350B}.Debug|x64.Deploy.0 = Debug|x64
		{EA5BB059-DECA-49E6-B4FB-DD38A4F2350B}.Debug|x86.ActiveCfg = Debug|x86
		{EA5BB059-DECA-49E6-B4FB-DD38A4F2350B}.Debug|x86.Build.0 = Debug|x86
		{EA5BB059-DECA-49E6-B4FB-DD38A4F2350B}.Debug|x86.Deploy.0 = Debug|x86
		{EA5BB059-DECA-49E6-B4FB-DD38A4F2350B}.Release|Any CPU.ActiveCfg = Release|x86
		{EA5BB059-DECA-49E6-B4FB-DD38A4F2350B}.Release|ARM.ActiveCfg = Release|ARM
		{EA5BB059-DECA-49E6-B4FB-DD38A4F2350B}.Release|ARM.Build.0 = Release|ARM
		{EA5BB059-DECA-49E6-B4FB-DD38A4F2350B}.Release|ARM.Deploy.0 = Release|ARM
		{EA5BB059-DECA-49E6-B4FB-DD38A4F2350B}.Release|iPhone.ActiveCfg = Release|x86
		{EA5BB059-DECA-49E6-B4FB-DD38A4F2350B}.Release|iPhoneSimulator.ActiveCfg = Release|x86
		{EA5BB059-DECA-49E6-B4FB-DD38A4F2350B}.Release|x64.ActiveCfg = Release|x64
		{EA5BB059-DECA-49E6-B4FB-DD38A4F2350B}.Release|x64.Build.0 = Release|x64
		{EA5BB059-DECA-49E6-B4FB-DD38A4F2350B}.Release|x64.Deploy.0 = Release|x64
		{EA5BB059-DECA-49E6-B4FB-DD38A4F2350B}.Release|x86.ActiveCfg = Release|x86
		{EA5BB059-DECA-49E6-B4FB-DD38A4F2350B}.Release|x86.Build.0 = Release|x86
		{EA5BB059-DECA-49E6-B4FB-DD38A4F2350B}.Release|x86.Deploy.0 = Release|x86
		{1BD4B26A-60FA-44F9-95EF-92764D6235BD}.Ad-Hoc|Any CPU.ActiveCfg = Debug|Any CPU
		{1BD4B26A-60FA-44F9-95EF-92764D6235BD}.Ad-Hoc|Any CPU.Build.0 = Debug|Any CPU
		{1BD4B26A-60FA-44F9-95EF-92764D6235BD}.Ad-Hoc|ARM.ActiveCfg = Debug|Any CPU
		{1BD4B26A-60FA-44F9-95EF-92764D6235BD}.Ad-Hoc|ARM.Build.0 = Debug|Any CPU
		{1BD4B26A-60FA-44F9-95EF-92764D6235BD}.Ad-Hoc|iPhone.ActiveCfg = Debug|Any CPU
		{1BD4B26A-60FA-44F9-95EF-92764D6235BD}.Ad-Hoc|iPhone.Build.0 = Debug|Any CPU
		{1BD4B26A-60FA-44F9-95EF-92764D6235BD}.Ad-Hoc|iPhoneSimulator.ActiveCfg = Debug|Any CPU
		{1BD4B26A-60FA-44F9-95EF-92764D6235BD}.Ad-Hoc|iPhoneSimulator.Build.0 = Debug|Any CPU
		{1BD4B26A-60FA-44F9-95EF-92764D6235BD}.Ad-Hoc|x64.ActiveCfg = Debug|Any CPU
		{1BD4B26A-60FA-44F9-95EF-92764D6235BD}.Ad-Hoc|x64.Build.0 = Debug|Any CPU
		{1BD4B26A-60FA-44F9-95EF-92764D6235BD}.Ad-Hoc|x86.ActiveCfg = Debug|Any CPU
		{1BD4B26A-60FA-44F9-95EF-92764D6235BD}.Ad-Hoc|x86.Build.0 = Debug|Any CPU
		{1BD4B26A-60FA-44F9-95EF-92764D6235BD}.AppStore|Any CPU.ActiveCfg = Debug|Any CPU
		{1BD4B26A-60FA-44F9-95EF-92764D6235BD}.AppStore|Any CPU.Build.0 = Debug|Any CPU
		{1BD4B26A-60FA-44F9-95EF-92764D6235BD}.AppStore|ARM.ActiveCfg = Debug|Any CPU
		{1BD4B26A-60FA-44F9-95EF-92764D6235BD}.AppStore|ARM.Build.0 = Debug|Any CPU
		{1BD4B26A-60FA-44F9-95EF-92764D6235BD}.AppStore|iPhone.ActiveCfg = Debug|Any CPU
		{1BD4B26A-60FA-44F9-95EF-92764D6235BD}.AppStore|iPhone.Build.0 = Debug|Any CPU
		{1BD4B26A-60FA-44F9-95EF-92764D6235BD}.AppStore|iPhoneSimulator.ActiveCfg = Debug|Any CPU
		{1BD4B26A-60FA-44F9-95EF-92764D6235BD}.AppStore|iPhoneSimulator.Build.0 = Debug|Any CPU
		{1BD4B26A-60FA-44F9-95EF-92764D6235BD}.AppStore|x64.ActiveCfg = Debug|Any CPU
		{1BD4B26A-60FA-44F9-95EF-92764D6235BD}.AppStore|x64.Build.0 = Debug|Any CPU
		{1BD4B26A-60FA-44F9-95EF-92764D6235BD}.AppStore|x86.ActiveCfg = Debug|Any CPU
		{1BD4B26A-60FA-44F9-95EF-92764D6235BD}.AppStore|x86.Build.0 = Debug|Any CPU
		{1BD4B26A-60FA-44F9-95EF-92764D6235BD}.Debug|Any CPU.ActiveCfg = Debug|Any CPU
		{1BD4B26A-60FA-44F9-95EF-92764D6235BD}.Debug|Any CPU.Build.0 = Debug|Any CPU
		{1BD4B26A-60FA-44F9-95EF-92764D6235BD}.Debug|ARM.ActiveCfg = Debug|Any CPU
		{1BD4B26A-60FA-44F9-95EF-92764D6235BD}.Debug|ARM.Build.0 = Debug|Any CPU
		{1BD4B26A-60FA-44F9-95EF-92764D6235BD}.Debug|iPhone.ActiveCfg = Debug|Any CPU
		{1BD4B26A-60FA-44F9-95EF-92764D6235BD}.Debug|iPhone.Build.0 = Debug|Any CPU
		{1BD4B26A-60FA-44F9-95EF-92764D6235BD}.Debug|iPhoneSimulator.ActiveCfg = Debug|Any CPU
		{1BD4B26A-60FA-44F9-95EF-92764D6235BD}.Debug|iPhoneSimulator.Build.0 = Debug|Any CPU
		{1BD4B26A-60FA-44F9-95EF-92764D6235BD}.Debug|x64.ActiveCfg = Debug|Any CPU
		{1BD4B26A-60FA-44F9-95EF-92764D6235BD}.Debug|x64.Build.0 = Debug|Any CPU
		{1BD4B26A-60FA-44F9-95EF-92764D6235BD}.Debug|x86.ActiveCfg = Debug|Any CPU
		{1BD4B26A-60FA-44F9-95EF-92764D6235BD}.Debug|x86.Build.0 = Debug|Any CPU
		{1BD4B26A-60FA-44F9-95EF-92764D6235BD}.Release|Any CPU.ActiveCfg = Release|Any CPU
		{1BD4B26A-60FA-44F9-95EF-92764D6235BD}.Release|Any CPU.Build.0 = Release|Any CPU
		{1BD4B26A-60FA-44F9-95EF-92764D6235BD}.Release|ARM.ActiveCfg = Release|Any CPU
		{1BD4B26A-60FA-44F9-95EF-92764D6235BD}.Release|ARM.Build.0 = Release|Any CPU
		{1BD4B26A-60FA-44F9-95EF-92764D6235BD}.Release|iPhone.ActiveCfg = Release|Any CPU
		{1BD4B26A-60FA-44F9-95EF-92764D6235BD}.Release|iPhone.Build.0 = Release|Any CPU
		{1BD4B26A-60FA-44F9-95EF-92764D6235BD}.Release|iPhoneSimulator.ActiveCfg = Release|Any CPU
		{1BD4B26A-60FA-44F9-95EF-92764D6235BD}.Release|iPhoneSimulator.Build.0 = Release|Any CPU
		{1BD4B26A-60FA-44F9-95EF-92764D6235BD}.Release|x64.ActiveCfg = Release|Any CPU
		{1BD4B26A-60FA-44F9-95EF-92764D6235BD}.Release|x64.Build.0 = Release|Any CPU
		{1BD4B26A-60FA-44F9-95EF-92764D6235BD}.Release|x86.ActiveCfg = Release|Any CPU
		{1BD4B26A-60FA-44F9-95EF-92764D6235BD}.Release|x86.Build.0 = Release|Any CPU
	EndGlobalSection
	GlobalSection(SolutionProperties) = preSolution
		HideSolutionNode = FALSE
	EndGlobalSection
	GlobalSection(ExtensibilityGlobals) = postSolution
		SolutionGuid = {85739236-FFDA-4FD2-9EFA-00B11A98B54A}
	EndGlobalSection
EndGlobal
